
Microsoft Visual Studio Solution File, Format Version 12.00
# Visual Studio Version 17
VisualStudioVersion = 17.5.002.0
MinimumVisualStudioVersion = 10.0.40219.1
Project("{9A19103F-16F7-4668-BE54-9A1E7A4F7556}") = "LibraryAPI", "LibraryAPI.csproj", "{F5415318-94D0-49EA-80A8-9673B0F3BC37}"
EndProject
Global
	GlobalSection(SolutionConfigurationPlatforms) = preSolution
		Debug|Any CPU = Debug|Any CPU
		Release|Any CPU = Release|Any CPU
	EndGlobalSection
	GlobalSection(ProjectConfigurationPlatforms) = postSolution
		{F5415318-94D0-49EA-80A8-9673B0F3BC37}.Debug|Any CPU.ActiveCfg = Debug|Any CPU
		{F5415318-94D0-49EA-80A8-9673B0F3BC37}.Debug|Any CPU.Build.0 = Debug|Any CPU
		{F5415318-94D0-49EA-80A8-9673B0F3BC37}.Release|Any CPU.ActiveCfg = Release|Any CPU
		{F5415318-94D0-49EA-80A8-9673B0F3BC37}.Release|Any CPU.Build.0 = Release|Any CPU
	EndGlobalSection
	GlobalSection(SolutionProperties) = preSolution
		HideSolutionNode = FALSE
	EndGlobalSection
	GlobalSection(ExtensibilityGlobals) = postSolution
		SolutionGuid = {6A74AC8D-EFB5-42AB-86DD-AF68FB90E708}
	EndGlobalSection
EndGlobal
